
Microsoft Visual Studio Solution File, Format Version 12.00
# Visual Studio Version 16
VisualStudioVersion = 16.0.34031.81
MinimumVisualStudioVersion = 10.0.40219.1
Project("{2150E333-8FDC-42A3-9474-1A3956D46DE8}") = "Task0", "Task0", "{9F61EFAE-E120-4EAF-8CE0-1E0BD06E2F64}"
EndProject
Project("{FAE04EC0-301F-11D3-BF4B-00C04F79EFBC}") = "Tyuiu.GunbinNA.Sprint3.Task0.V5", "Tyuiu.GunbinNA.Sprint3.Task0.V0\Tyuiu.GunbinNA.Sprint3.Task0.V5.csproj", "{5A05B270-5520-4DEF-9C18-2434F54AAA0C}"
EndProject
Project("{FAE04EC0-301F-11D3-BF4B-00C04F79EFBC}") = "Tyuiu.GunbinNA.Sprint3.Task0.V5.Lib", "Tyuiu.GunbinNA.Sprint3.Task0.V0.Lib\Tyuiu.GunbinNA.Sprint3.Task0.V5.Lib.csproj", "{C799E321-8061-4845-B5AF-D916ACD8AD70}"
EndProject
Project("{FAE04EC0-301F-11D3-BF4B-00C04F79EFBC}") = "Tyuiu.GunbinNA.Sprint3.Task0.V5.Test", "Tyuiu.GunbinNA.Sprint3.Task0.V0.Test\Tyuiu.GunbinNA.Sprint3.Task0.V5.Test.csproj", "{1435E0FE-63C0-4B9B-B2BC-FB2E1ACA7C22}"
EndProject
Project("{2150E333-8FDC-42A3-9474-1A3956D46DE8}") = "Task1", "Task1", "{3C6D524E-3512-44C0-8524-D7FBD8490EC3}"
EndProject
Project("{FAE04EC0-301F-11D3-BF4B-00C04F79EFBC}") = "Tyuiu.GunbinNA.Sprint3.Task1.V12", "Tyuiu.GunbinNA.Sprint3.Task1.V12\Tyuiu.GunbinNA.Sprint3.Task1.V12.csproj", "{96BA06F3-5941-4512-9D6E-84D57F87CD35}"
EndProject
Project("{FAE04EC0-301F-11D3-BF4B-00C04F79EFBC}") = "Tyuiu.GunbinNA.Sprint3.Task1.V12.Lib", "Tyuiu.GunbinNA.Sprint3.Task1.V12.Lib\Tyuiu.GunbinNA.Sprint3.Task1.V12.Lib.csproj", "{09555749-9F94-48BC-97E4-71BACC7FAD9C}"
EndProject
Project("{FAE04EC0-301F-11D3-BF4B-00C04F79EFBC}") = "Tyuiu.GunbinNA.Sprint3.Task1.V12.Test", "Tyuiu.GunbinNA.Sprint3.Task1.V12.Test\Tyuiu.GunbinNA.Sprint3.Task1.V12.Test.csproj", "{E2A370CE-D6F3-41AA-B9C5-3E00301144E3}"
EndProject
Project("{2150E333-8FDC-42A3-9474-1A3956D46DE8}") = "Task2", "Task2", "{F2A87A5D-D19B-48B7-A5D0-5E430DFCA442}"
EndProject
Project("{FAE04EC0-301F-11D3-BF4B-00C04F79EFBC}") = "Tyuiu.GunbinNA.Sprint3.Task2.V27", "Tyuiu.GunbinNA.Sprint3.Task3.V27\Tyuiu.GunbinNA.Sprint3.Task2.V27.csproj", "{A7B0DDFF-6D32-4C2A-BA0C-A1BAF3B08C10}"
EndProject
Project("{FAE04EC0-301F-11D3-BF4B-00C04F79EFBC}") = "Tyuiu.GunbinNA.Sprint3.Task2.V27.Lib", "Tyuiu.GunbinNA.Sprint3.Task2.V27.Lib\Tyuiu.GunbinNA.Sprint3.Task2.V27.Lib.csproj", "{71A9EBF5-087F-4BB0-9FB6-1E08E7B6E56A}"
EndProject
Project("{FAE04EC0-301F-11D3-BF4B-00C04F79EFBC}") = "Tyuiu.GunbinNA.Sprint3.Task2.V27.Test", "Tyuiu.GunbinNA.Sprint3.Task2.V27.Test\Tyuiu.GunbinNA.Sprint3.Task2.V27.Test.csproj", "{FDBB321D-D198-4F1F-B17F-743858F51F95}"
EndProject
Global
	GlobalSection(SolutionConfigurationPlatforms) = preSolution
		Debug|Any CPU = Debug|Any CPU
		Release|Any CPU = Release|Any CPU
	EndGlobalSection
	GlobalSection(ProjectConfigurationPlatforms) = postSolution
		{5A05B270-5520-4DEF-9C18-2434F54AAA0C}.Debug|Any CPU.ActiveCfg = Debug|Any CPU
		{5A05B270-5520-4DEF-9C18-2434F54AAA0C}.Debug|Any CPU.Build.0 = Debug|Any CPU
		{5A05B270-5520-4DEF-9C18-2434F54AAA0C}.Release|Any CPU.ActiveCfg = Release|Any CPU
		{5A05B270-5520-4DEF-9C18-2434F54AAA0C}.Release|Any CPU.Build.0 = Release|Any CPU
		{C799E321-8061-4845-B5AF-D916ACD8AD70}.Debug|Any CPU.ActiveCfg = Debug|Any CPU
		{C799E321-8061-4845-B5AF-D916ACD8AD70}.Debug|Any CPU.Build.0 = Debug|Any CPU
		{C799E321-8061-4845-B5AF-D916ACD8AD70}.Release|Any CPU.ActiveCfg = Release|Any CPU
		{C799E321-8061-4845-B5AF-D916ACD8AD70}.Release|Any CPU.Build.0 = Release|Any CPU
		{1435E0FE-63C0-4B9B-B2BC-FB2E1ACA7C22}.Debug|Any CPU.ActiveCfg = Debug|Any CPU
		{1435E0FE-63C0-4B9B-B2BC-FB2E1ACA7C22}.Debug|Any CPU.Build.0 = Debug|Any CPU
		{1435E0FE-63C0-4B9B-B2BC-FB2E1ACA7C22}.Release|Any CPU.ActiveCfg = Release|Any CPU
		{1435E0FE-63C0-4B9B-B2BC-FB2E1ACA7C22}.Release|Any CPU.Build.0 = Release|Any CPU
		{96BA06F3-5941-4512-9D6E-84D57F87CD35}.Debug|Any CPU.ActiveCfg = Debug|Any CPU
		{96BA06F3-5941-4512-9D6E-84D57F87CD35}.Debug|Any CPU.Build.0 = Debug|Any CPU
		{96BA06F3-5941-4512-9D6E-84D57F87CD35}.Release|Any CPU.ActiveCfg = Release|Any CPU
		{96BA06F3-5941-4512-9D6E-84D57F87CD35}.Release|Any CPU.Build.0 = Release|Any CPU
		{09555749-9F94-48BC-97E4-71BACC7FAD9C}.Debug|Any CPU.ActiveCfg = Debug|Any CPU
		{09555749-9F94-48BC-97E4-71BACC7FAD9C}.Debug|Any CPU.Build.0 = Debug|Any CPU
		{09555749-9F94-48BC-97E4-71BACC7FAD9C}.Release|Any CPU.ActiveCfg = Release|Any CPU
		{09555749-9F94-48BC-97E4-71BACC7FAD9C}.Release|Any CPU.Build.0 = Release|Any CPU
		{E2A370CE-D6F3-41AA-B9C5-3E00301144E3}.Debug|Any CPU.ActiveCfg = Debug|Any CPU
		{E2A370CE-D6F3-41AA-B9C5-3E00301144E3}.Debug|Any CPU.Build.0 = Debug|Any CPU
		{E2A370CE-D6F3-41AA-B9C5-3E00301144E3}.Release|Any CPU.ActiveCfg = Release|Any CPU
		{E2A370CE-D6F3-41AA-B9C5-3E00301144E3}.Release|Any CPU.Build.0 = Release|Any CPU
		{A7B0DDFF-6D32-4C2A-BA0C-A1BAF3B08C10}.Debug|Any CPU.ActiveCfg = Debug|Any CPU
		{A7B0DDFF-6D32-4C2A-BA0C-A1BAF3B08C10}.Debug|Any CPU.Build.0 = Debug|Any CPU
		{A7B0DDFF-6D32-4C2A-BA0C-A1BAF3B08C10}.Release|Any CPU.ActiveCfg = Release|Any CPU
		{A7B0DDFF-6D32-4C2A-BA0C-A1BAF3B08C10}.Release|Any CPU.Build.0 = Release|Any CPU
		{71A9EBF5-087F-4BB0-9FB6-1E08E7B6E56A}.Debug|Any CPU.ActiveCfg = Debug|Any CPU
		{71A9EBF5-087F-4BB0-9FB6-1E08E7B6E56A}.Debug|Any CPU.Build.0 = Debug|Any CPU
		{71A9EBF5-087F-4BB0-9FB6-1E08E7B6E56A}.Release|Any CPU.ActiveCfg = Release|Any CPU
		{71A9EBF5-087F-4BB0-9FB6-1E08E7B6E56A}.Release|Any CPU.Build.0 = Release|Any CPU
		{FDBB321D-D198-4F1F-B17F-743858F51F95}.Debug|Any CPU.ActiveCfg = Debug|Any CPU
		{FDBB321D-D198-4F1F-B17F-743858F51F95}.Debug|Any CPU.Build.0 = Debug|Any CPU
		{FDBB321D-D198-4F1F-B17F-743858F51F95}.Release|Any CPU.ActiveCfg = Release|Any CPU
		{FDBB321D-D198-4F1F-B17F-743858F51F95}.Release|Any CPU.Build.0 = Release|Any CPU
	EndGlobalSection
	GlobalSection(SolutionProperties) = preSolution
		HideSolutionNode = FALSE
	EndGlobalSection
	GlobalSection(NestedProjects) = preSolution
		{5A05B270-5520-4DEF-9C18-2434F54AAA0C} = {9F61EFAE-E120-4EAF-8CE0-1E0BD06E2F64}
		{C799E321-8061-4845-B5AF-D916ACD8AD70} = {9F61EFAE-E120-4EAF-8CE0-1E0BD06E2F64}
		{1435E0FE-63C0-4B9B-B2BC-FB2E1ACA7C22} = {9F61EFAE-E120-4EAF-8CE0-1E0BD06E2F64}
		{96BA06F3-5941-4512-9D6E-84D57F87CD35} = {3C6D524E-3512-44C0-8524-D7FBD8490EC3}
		{09555749-9F94-48BC-97E4-71BACC7FAD9C} = {3C6D524E-3512-44C0-8524-D7FBD8490EC3}
		{E2A370CE-D6F3-41AA-B9C5-3E00301144E3} = {3C6D524E-3512-44C0-8524-D7FBD8490EC3}
		{A7B0DDFF-6D32-4C2A-BA0C-A1BAF3B08C10} = {F2A87A5D-D19B-48B7-A5D0-5E430DFCA442}
		{71A9EBF5-087F-4BB0-9FB6-1E08E7B6E56A} = {F2A87A5D-D19B-48B7-A5D0-5E430DFCA442}
		{FDBB321D-D198-4F1F-B17F-743858F51F95} = {F2A87A5D-D19B-48B7-A5D0-5E430DFCA442}
	EndGlobalSection
	GlobalSection(ExtensibilityGlobals) = postSolution
		SolutionGuid = {085A7E31-0A0E-4653-BF13-B8516A9649A8}
	EndGlobalSection
EndGlobal
